
Microsoft Visual Studio Solution File, Format Version 12.00
# Visual Studio Version 17
VisualStudioVersion = 17.7.34202.233
MinimumVisualStudioVersion = 10.0.40219.1
Project("{9A19103F-16F7-4668-BE54-9A1E7A4F7556}") = "WebApp", "WebApp\WebApp.csproj", "{C9BE1EDC-A00B-49F6-9A38-66044AC8290F}"
EndProject
Project("{E53339B2-1760-4266-BCC7-CA923CBCF16C}") = "docker-compose", "docker-compose.dcproj", "{B16FCA57-0AAA-4D04-B1DF-AD2F7FB9D2DE}"
EndProject
Global
	GlobalSection(SolutionConfigurationPlatforms) = preSolution
		Debug|Any CPU = Debug|Any CPU
		Release|Any CPU = Release|Any CPU
	EndGlobalSection
	GlobalSection(ProjectConfigurationPlatforms) = postSolution
		{C9BE1EDC-A00B-49F6-9A38-66044AC8290F}.Debug|Any CPU.ActiveCfg = Debug|Any CPU
		{C9BE1EDC-A00B-49F6-9A38-66044AC8290F}.Debug|Any CPU.Build.0 = Debug|Any CPU
		{C9BE1EDC-A00B-49F6-9A38-66044AC8290F}.Release|Any CPU.ActiveCfg = Release|Any CPU
		{C9BE1EDC-A00B-49F6-9A38-66044AC8290F}.Release|Any CPU.Build.0 = Release|Any CPU
		{B16FCA57-0AAA-4D04-B1DF-AD2F7FB9D2DE}.Debug|Any CPU.ActiveCfg = Debug|Any CPU
		{B16FCA57-0AAA-4D04-B1DF-AD2F7FB9D2DE}.Debug|Any CPU.Build.0 = Debug|Any CPU
		{B16FCA57-0AAA-4D04-B1DF-AD2F7FB9D2DE}.Release|Any CPU.ActiveCfg = Release|Any CPU
		{B16FCA57-0AAA-4D04-B1DF-AD2F7FB9D2DE}.Release|Any CPU.Build.0 = Release|Any CPU
	EndGlobalSection
	GlobalSection(SolutionProperties) = preSolution
		HideSolutionNode = FALSE
	EndGlobalSection
	GlobalSection(ExtensibilityGlobals) = postSolution
		SolutionGuid = {0FEB528B-684F-4E24-BB07-E913865A0F60}
	EndGlobalSection
EndGlobal
